{
  "name": "md2sapbloghtml",
  "version": "1.0.0",
  "lockfileVersion": 2,
  "requires": true,
  "packages": {
    "": {
      "name": "md2sapbloghtml",
      "version": "1.0.0",
      "license": "BSD-3-Clause",
      "dependencies": {
        "marked": "^5.0.3"
      }
    },
    "node_modules/marked": {
      "version": "5.0.3",
      "resolved": "https://registry.npmjs.org/marked/-/marked-5.0.3.tgz",
      "integrity": "sha512-KUONa43Uk74uUNWMxh6lfaNYmSAsRMiDAaX8QBCCRVXzEufR0zX6T33vrGbvTnQLL02ungDM3KSzZtO+chJaHg==",
      "bin": {
        "marked": "bin/marked.js"
      },
      "engines": {
        "node": ">= 18"
      }
    }
  },
  "dependencies": {
    "marked": {
      "version": "5.0.3",
      "resolved": "https://registry.npmjs.org/marked/-/marked-5.0.3.tgz",
      "integrity": "sha512-KUONa43Uk74uUNWMxh6lfaNYmSAsRMiDAaX8QBCCRVXzEufR0zX6T33vrGbvTnQLL02ungDM3KSzZtO+chJaHg=="
    }
  }
}
