{
  "name": "md2sapbloghtml",
  "version": "1.0.0",
  "lockfileVersion": 2,
  "requires": true,
  "packages": {
    "": {
      "name": "md2sapbloghtml",
      "version": "1.0.0",
      "license": "BSD-3-Clause",
      "dependencies": {
        "marked": "^5.0.1"
      }
    },
    "node_modules/marked": {
      "version": "5.0.1",
      "resolved": "https://registry.npmjs.org/marked/-/marked-5.0.1.tgz",
      "integrity": "sha512-Nn9peC4lvIZdcfp8Uze6xk4ZYowkcj/K6+e/6rLHadhtjqeip/bYRxMgt3124IGGJ3RPs2uX5YVmAGbUutY18g==",
      "bin": {
        "marked": "bin/marked.js"
      },
      "engines": {
        "node": ">= 18"
      }
    }
  },
  "dependencies": {
    "marked": {
      "version": "5.0.1",
      "resolved": "https://registry.npmjs.org/marked/-/marked-5.0.1.tgz",
      "integrity": "sha512-Nn9peC4lvIZdcfp8Uze6xk4ZYowkcj/K6+e/6rLHadhtjqeip/bYRxMgt3124IGGJ3RPs2uX5YVmAGbUutY18g=="
    }
  }
}
